{
  "name": "sistema_para_usuarios",
  "lockfileVersion": 3,
  "requires": true,
  "packages": {
    "": {
      "dependencies": {
        "gridstack": "^12.0.0"
      }
    },
    "node_modules/gridstack": {
      "version": "12.0.0",
      "resolved": "https://registry.npmjs.org/gridstack/-/gridstack-12.0.0.tgz",
      "integrity": "sha512-Wjfu7BtTb4NZqLpSEAJx+b9lBnfnXNgG2jUTVSD2g8NrHITrWgfk9eeHBqtDLVl2vtKQTzsSyy5lSyHAMcW2tA==",
      "funding": [
        {
          "type": "paypal",
          "url": "https://www.paypal.me/alaind831"
        },
        {
          "type": "venmo",
          "url": "https://www.venmo.com/adumesny"
        }
      ]
    }
  }
}
